{
  "name": "qrcody",
  "version": "1.0.0",
  "lockfileVersion": 2,
  "requires": true,
  "packages": {
    "": {
      "name": "qrcody",
      "version": "1.0.0",
      "lockfileVersion": 1,
      "requires": true,
      "dependencies": {
        "autoprefixer": {
          "version": "10.4.0",
          "resolved": "https://registry.npmjs.org/autoprefixer/-/autoprefixer-10.4.0.tgz",
          "integrity": "sha512-... (checksum)",
          "dev": true
        },
        "postcss": {
          "version": "8.4.5",
          "resolved": "https://registry.npmjs.org/postcss/-/postcss-8.4.5.tgz",
          "integrity": "sha512-... (checksum)",
          "dev": true
        },
        "tailwindcss": {
          "version": "3.0.20",
          "resolved": "https://registry.npmjs.org/tailwindcss/-/tailwindcss-3.0.20.tgz",
          "integrity": "sha512-... (checksum)",
          "dev": true
        },
        "live-server": {
          "version": "1.2.1",
          "resolved": "https://registry.npmjs.org/live-server/-/live-server-1.2.1.tgz",
          "integrity": "sha512-... (checksum)",
          "dev": true
        }
      }
    }
  }
}
